
Microsoft Visual Studio Solution File, Format Version 12.00
# Visual Studio Version 17
VisualStudioVersion = 17.2.32616.157
MinimumVisualStudioVersion = 10.0.40219.1
Project("{FAE04EC0-301F-11D3-BF4B-00C04F79EFBC}") = "WinFormsApp3", "WinFormsApp3\WinFormsApp3.csproj", "{F739F9EA-D282-446D-B2D9-C81989C9B2A5}"
EndProject
Global
	GlobalSection(SolutionConfigurationPlatforms) = preSolution
		Debug|Any CPU = Debug|Any CPU
		Release|Any CPU = Release|Any CPU
	EndGlobalSection
	GlobalSection(ProjectConfigurationPlatforms) = postSolution
		{F739F9EA-D282-446D-B2D9-C81989C9B2A5}.Debug|Any CPU.ActiveCfg = Debug|Any CPU
		{F739F9EA-D282-446D-B2D9-C81989C9B2A5}.Debug|Any CPU.Build.0 = Debug|Any CPU
		{F739F9EA-D282-446D-B2D9-C81989C9B2A5}.Release|Any CPU.ActiveCfg = Release|Any CPU
		{F739F9EA-D282-446D-B2D9-C81989C9B2A5}.Release|Any CPU.Build.0 = Release|Any CPU
	EndGlobalSection
	GlobalSection(SolutionProperties) = preSolution
		HideSolutionNode = FALSE
	EndGlobalSection
	GlobalSection(ExtensibilityGlobals) = postSolution
		SolutionGuid = {A6FE220C-9A28-49B9-B3E4-0769B6DDDE90}
	EndGlobalSection
EndGlobal
