
Microsoft Visual Studio Solution File, Format Version 12.00
# Visual Studio Version 17
VisualStudioVersion = 17.2.32616.157
MinimumVisualStudioVersion = 10.0.40219.1
Project("{F184B08F-C81C-45F6-A57F-5ABD9991F28F}") = "WinFormsApp2", "WinFormsApp2\WinFormsApp2.vbproj", "{F8959A61-DC94-4F9A-B009-43B866E8337F}"
EndProject
Global
	GlobalSection(SolutionConfigurationPlatforms) = preSolution
		Debug|Any CPU = Debug|Any CPU
		Release|Any CPU = Release|Any CPU
	EndGlobalSection
	GlobalSection(ProjectConfigurationPlatforms) = postSolution
		{F8959A61-DC94-4F9A-B009-43B866E8337F}.Debug|Any CPU.ActiveCfg = Debug|Any CPU
		{F8959A61-DC94-4F9A-B009-43B866E8337F}.Debug|Any CPU.Build.0 = Debug|Any CPU
		{F8959A61-DC94-4F9A-B009-43B866E8337F}.Release|Any CPU.ActiveCfg = Release|Any CPU
		{F8959A61-DC94-4F9A-B009-43B866E8337F}.Release|Any CPU.Build.0 = Release|Any CPU
	EndGlobalSection
	GlobalSection(SolutionProperties) = preSolution
		HideSolutionNode = FALSE
	EndGlobalSection
	GlobalSection(ExtensibilityGlobals) = postSolution
		SolutionGuid = {295BD515-E70E-43D1-81FF-78947E00543C}
	EndGlobalSection
EndGlobal
